
Microsoft Visual Studio Solution File, Format Version 12.00
# Visual Studio 15
VisualStudioVersion = 15.0.26730.8
MinimumVisualStudioVersion = 10.0.40219.1
Project("{FAE04EC0-301F-11D3-BF4B-00C04F79EFBC}") = "PoCSlowUploadFiles", "PoCSlowUploadFiles\PoCSlowUploadFiles.csproj", "{E60EB118-DA61-4B90-93F9-F6EB170EE3C8}"
EndProject
Project("{E53339B2-1760-4266-BCC7-CA923CBCF16C}") = "docker-compose", "docker-compose.dcproj", "{240E6979-B72F-4605-9157-0408BE111141}"
EndProject
Global
	GlobalSection(SolutionConfigurationPlatforms) = preSolution
		Debug|Any CPU = Debug|Any CPU
		Release|Any CPU = Release|Any CPU
	EndGlobalSection
	GlobalSection(ProjectConfigurationPlatforms) = postSolution
		{E60EB118-DA61-4B90-93F9-F6EB170EE3C8}.Debug|Any CPU.ActiveCfg = Debug|Any CPU
		{E60EB118-DA61-4B90-93F9-F6EB170EE3C8}.Debug|Any CPU.Build.0 = Debug|Any CPU
		{E60EB118-DA61-4B90-93F9-F6EB170EE3C8}.Release|Any CPU.ActiveCfg = Release|Any CPU
		{E60EB118-DA61-4B90-93F9-F6EB170EE3C8}.Release|Any CPU.Build.0 = Release|Any CPU
		{240E6979-B72F-4605-9157-0408BE111141}.Debug|Any CPU.ActiveCfg = Debug|Any CPU
		{240E6979-B72F-4605-9157-0408BE111141}.Debug|Any CPU.Build.0 = Debug|Any CPU
		{240E6979-B72F-4605-9157-0408BE111141}.Release|Any CPU.ActiveCfg = Release|Any CPU
		{240E6979-B72F-4605-9157-0408BE111141}.Release|Any CPU.Build.0 = Release|Any CPU
	EndGlobalSection
	GlobalSection(SolutionProperties) = preSolution
		HideSolutionNode = FALSE
	EndGlobalSection
	GlobalSection(ExtensibilityGlobals) = postSolution
		SolutionGuid = {2950E6EC-701E-4CA5-BC01-0F11F7E5E9FB}
	EndGlobalSection
EndGlobal
